// !$*UTF8*$!
{
	archiveVersion = 1;
	classes = {
	};
	objectVersion = 48;
	objects = {

/* Begin PBXBuildFile section */
		5233A3911FC41A1300DA5AAF /* AsyncTask.m in Sources */ = {isa = PBXBuildFile; fileRef = 5233A38F1FC41A1300DA5AAF /* AsyncTask.m */; };
		5233A3931FC41A1E00DA5AAF /* ideviceinfo in Resources */ = {isa = PBXBuildFile; fileRef = 5233A3921FC41A1E00DA5AAF /* ideviceinfo */; };
		5233A3961FC41C5600DA5AAF /* ideviceinfoCommand.m in Sources */ = {isa = PBXBuildFile; fileRef = 5233A3951FC41C5600DA5AAF /* ideviceinfoCommand.m */; };
		5274A9C71FC54F2A00C14242 /* WebServer in Resources */ = {isa = PBXBuildFile; fileRef = 5274A9C61FC54F2900C14242 /* WebServer */; };
		52BDFF891FBC33EB00493B5A /* Settings.m in Sources */ = {isa = PBXBuildFile; fileRef = 52BDFF881FBC33EB00493B5A /* Settings.m */; };
		52F769E11FB970CA007632EA /* AppDelegate.m in Sources */ = {isa = PBXBuildFile; fileRef = 52F769E01FB970CA007632EA /* AppDelegate.m */; };
		52F769E31FB970CA007632EA /* Assets.xcassets in Resources */ = {isa = PBXBuildFile; fileRef = 52F769E21FB970CA007632EA /* Assets.xcassets */; };
		52F769E61FB970CA007632EA /* MainMenu.xib in Resources */ = {isa = PBXBuildFile; fileRef = 52F769E41FB970CA007632EA /* MainMenu.xib */; };
		52F769E91FB970CA007632EA /* main.m in Sources */ = {isa = PBXBuildFile; fileRef = 52F769E81FB970CA007632EA /* main.m */; };
/* End PBXBuildFile section */

/* Begin PBXFileReference section */
		5233A38F1FC41A1300DA5AAF /* AsyncTask.m */ = {isa = PBXFileReference; fileEncoding = 4; lastKnownFileType = sourcecode.c.objc; path = AsyncTask.m; sourceTree = "<group>"; };
		5233A3901FC41A1300DA5AAF /* AsyncTask.h */ = {isa = PBXFileReference; fileEncoding = 4; lastKnownFileType = sourcecode.c.h; path = AsyncTask.h; sourceTree = "<group>"; };
		5233A3921FC41A1E00DA5AAF /* ideviceinfo */ = {isa = PBXFileReference; lastKnownFileType = "compiled.mach-o.executable"; path = ideviceinfo; sourceTree = "<group>"; };
		5233A3941FC41C5600DA5AAF /* ideviceinfoCommand.h */ = {isa = PBXFileReference; lastKnownFileType = sourcecode.c.h; path = ideviceinfoCommand.h; sourceTree = "<group>"; };
		5233A3951FC41C5600DA5AAF /* ideviceinfoCommand.m */ = {isa = PBXFileReference; lastKnownFileType = sourcecode.c.objc; path = ideviceinfoCommand.m; sourceTree = "<group>"; };
		5274A9C61FC54F2900C14242 /* WebServer */ = {isa = PBXFileReference; lastKnownFileType = folder; path = WebServer; sourceTree = "<group>"; };
		52BDFF871FBC33EB00493B5A /* Settings.h */ = {isa = PBXFileReference; lastKnownFileType = sourcecode.c.h; path = Settings.h; sourceTree = "<group>"; };
		52BDFF881FBC33EB00493B5A /* Settings.m */ = {isa = PBXFileReference; lastKnownFileType = sourcecode.c.objc; path = Settings.m; sourceTree = "<group>"; };
		52F769DC1FB970CA007632EA /* OpenSimulator.app */ = {isa = PBXFileReference; explicitFileType = wrapper.application; includeInIndex = 0; path = OpenSimulator.app; sourceTree = BUILT_PRODUCTS_DIR; };
		52F769DF1FB970CA007632EA /* AppDelegate.h */ = {isa = PBXFileReference; lastKnownFileType = sourcecode.c.h; path = AppDelegate.h; sourceTree = "<group>"; };
		52F769E01FB970CA007632EA /* AppDelegate.m */ = {isa = PBXFileReference; lastKnownFileType = sourcecode.c.objc; path = AppDelegate.m; sourceTree = "<group>"; };
		52F769E21FB970CA007632EA /* Assets.xcassets */ = {isa = PBXFileReference; lastKnownFileType = folder.assetcatalog; path = Assets.xcassets; sourceTree = "<group>"; };
		52F769E51FB970CA007632EA /* Base */ = {isa = PBXFileReference; lastKnownFileType = file.xib; name = Base; path = Base.lproj/MainMenu.xib; sourceTree = "<group>"; };
		52F769E71FB970CA007632EA /* Info.plist */ = {isa = PBXFileReference; lastKnownFileType = text.plist.xml; path = Info.plist; sourceTree = "<group>"; };
		52F769E81FB970CA007632EA /* main.m */ = {isa = PBXFileReference; lastKnownFileType = sourcecode.c.objc; path = main.m; sourceTree = "<group>"; };
/* End PBXFileReference section */

/* Begin PBXFrameworksBuildPhase section */
		52F769D91FB970CA007632EA /* Frameworks */ = {
			isa = PBXFrameworksBuildPhase;
			buildActionMask = 2147483647;
			files = (
			);
			runOnlyForDeploymentPostprocessing = 0;
		};
/* End PBXFrameworksBuildPhase section */

/* Begin PBXGroup section */
		5233A38E1FC41A1300DA5AAF /* Task */ = {
			isa = PBXGroup;
			children = (
				5233A3921FC41A1E00DA5AAF /* ideviceinfo */,
				5233A38F1FC41A1300DA5AAF /* AsyncTask.m */,
				5233A3901FC41A1300DA5AAF /* AsyncTask.h */,
				5233A3941FC41C5600DA5AAF /* ideviceinfoCommand.h */,
				5233A3951FC41C5600DA5AAF /* ideviceinfoCommand.m */,
			);
			path = Task;
			sourceTree = "<group>";
		};
		52F769D31FB970CA007632EA = {
			isa = PBXGroup;
			children = (
				5274A9C61FC54F2900C14242 /* WebServer */,
				52F769DE1FB970CA007632EA /* OpenSimulator */,
				52F769DD1FB970CA007632EA /* Products */,
			);
			sourceTree = "<group>";
		};
		52F769DD1FB970CA007632EA /* Products */ = {
			isa = PBXGroup;
			children = (
				52F769DC1FB970CA007632EA /* OpenSimulator.app */,
			);
			name = Products;
			sourceTree = "<group>";
		};
		52F769DE1FB970CA007632EA /* OpenSimulator */ = {
			isa = PBXGroup;
			children = (
				5233A38E1FC41A1300DA5AAF /* Task */,
				52F769DF1FB970CA007632EA /* AppDelegate.h */,
				52F769E01FB970CA007632EA /* AppDelegate.m */,
				52BDFF871FBC33EB00493B5A /* Settings.h */,
				52BDFF881FBC33EB00493B5A /* Settings.m */,
				52F769E21FB970CA007632EA /* Assets.xcassets */,
				52F769E41FB970CA007632EA /* MainMenu.xib */,
				52F769E71FB970CA007632EA /* Info.plist */,
				52F769E81FB970CA007632EA /* main.m */,
			);
			path = OpenSimulator;
			sourceTree = "<group>";
		};
/* End PBXGroup section */

/* Begin PBXNativeTarget section */
		52F769DB1FB970CA007632EA /* OpenSimulator */ = {
			isa = PBXNativeTarget;
			buildConfigurationList = 52F769ED1FB970CA007632EA /* Build configuration list for PBXNativeTarget "OpenSimulator" */;
			buildPhases = (
				52F769D81FB970CA007632EA /* Sources */,
				52F769D91FB970CA007632EA /* Frameworks */,
				52F769DA1FB970CA007632EA /* Resources */,
			);
			buildRules = (
			);
			dependencies = (
			);
			name = OpenSimulator;
			productName = OpenSandbox;
			productReference = 52F769DC1FB970CA007632EA /* OpenSimulator.app */;
			productType = "com.apple.product-type.application";
		};
/* End PBXNativeTarget section */

/* Begin PBXProject section */
		52F769D41FB970CA007632EA /* Project object */ = {
			isa = PBXProject;
			attributes = {
				LastUpgradeCheck = 0910;
				ORGANIZATIONNAME = Nelson;
				TargetAttributes = {
					52F769DB1FB970CA007632EA = {
						CreatedOnToolsVersion = 9.1;
						ProvisioningStyle = Automatic;
						SystemCapabilities = {
							com.apple.Sandbox = {
								enabled = 0;
							};
						};
					};
				};
			};
			buildConfigurationList = 52F769D71FB970CA007632EA /* Build configuration list for PBXProject "OpenSimulator" */;
			compatibilityVersion = "Xcode 8.0";
			developmentRegion = en;
			hasScannedForEncodings = 0;
			knownRegions = (
				en,
				Base,
			);
			mainGroup = 52F769D31FB970CA007632EA;
			productRefGroup = 52F769DD1FB970CA007632EA /* Products */;
			projectDirPath = "";
			projectRoot = "";
			targets = (
				52F769DB1FB970CA007632EA /* OpenSimulator */,
			);
		};
/* End PBXProject section */

/* Begin PBXResourcesBuildPhase section */
		52F769DA1FB970CA007632EA /* Resources */ = {
			isa = PBXResourcesBuildPhase;
			buildActionMask = 2147483647;
			files = (
				52F769E31FB970CA007632EA /* Assets.xcassets in Resources */,
				52F769E61FB970CA007632EA /* MainMenu.xib in Resources */,
				5274A9C71FC54F2A00C14242 /* WebServer in Resources */,
				5233A3931FC41A1E00DA5AAF /* ideviceinfo in Resources */,
			);
			runOnlyForDeploymentPostprocessing = 0;
		};
/* End PBXResourcesBuildPhase section */

/* Begin PBXSourcesBuildPhase section */
		52F769D81FB970CA007632EA /* Sources */ = {
			isa = PBXSourcesBuildPhase;
			buildActionMask = 2147483647;
			files = (
				52F769E91FB970CA007632EA /* main.m in Sources */,
				52F769E11FB970CA007632EA /* AppDelegate.m in Sources */,
				52BDFF891FBC33EB00493B5A /* Settings.m in Sources */,
				5233A3911FC41A1300DA5AAF /* AsyncTask.m in Sources */,
				5233A3961FC41C5600DA5AAF /* ideviceinfoCommand.m in Sources */,
			);
			runOnlyForDeploymentPostprocessing = 0;
		};
/* End PBXSourcesBuildPhase section */

/* Begin PBXVariantGroup section */
		52F769E41FB970CA007632EA /* MainMenu.xib */ = {
			isa = PBXVariantGroup;
			children = (
				52F769E51FB970CA007632EA /* Base */,
			);
			name = MainMenu.xib;
			sourceTree = "<group>";
		};
/* End PBXVariantGroup section */

/* Begin XCBuildConfiguration section */
		52F769EB1FB970CA007632EA /* Debug */ = {
			isa = XCBuildConfiguration;
			buildSettings = {
				ALWAYS_SEARCH_USER_PATHS = NO;
				CLANG_ANALYZER_NONNULL = YES;
				CLANG_ANALYZER_NUMBER_OBJECT_CONVERSION = YES_AGGRESSIVE;
				CLANG_CXX_LANGUAGE_STANDARD = "gnu++14";
				CLANG_CXX_LIBRARY = "libc++";
				CLANG_ENABLE_MODULES = YES;
				CLANG_ENABLE_OBJC_ARC = YES;
				CLANG_WARN_BLOCK_CAPTURE_AUTORELEASING = YES;
				CLANG_WARN_BOOL_CONVERSION = YES;
				CLANG_WARN_COMMA = YES;
				CLANG_WARN_CONSTANT_CONVERSION = YES;
				CLANG_WARN_DIRECT_OBJC_ISA_USAGE = YES_ERROR;
				CLANG_WARN_DOCUMENTATION_COMMENTS = YES;
				CLANG_WARN_EMPTY_BODY = YES;
				CLANG_WARN_ENUM_CONVERSION = YES;
				CLANG_WARN_INFINITE_RECURSION = YES;
				CLANG_WARN_INT_CONVERSION = YES;
				CLANG_WARN_NON_LITERAL_NULL_CONVERSION = YES;
				CLANG_WARN_OBJC_LITERAL_CONVERSION = YES;
				CLANG_WARN_OBJC_ROOT_CLASS = YES_ERROR;
				CLANG_WARN_RANGE_LOOP_ANALYSIS = YES;
				CLANG_WARN_STRICT_PROTOTYPES = YES;
				CLANG_WARN_SUSPICIOUS_MOVE = YES;
				CLANG_WARN_UNGUARDED_AVAILABILITY = YES_AGGRESSIVE;
				CLANG_WARN_UNREACHABLE_CODE = YES;
				CLANG_WARN__DUPLICATE_METHOD_MATCH = YES;
				CODE_SIGN_IDENTITY = "-";
				COPY_PHASE_STRIP = NO;
				DEBUG_INFORMATION_FORMAT = dwarf;
				ENABLE_STRICT_OBJC_MSGSEND = YES;
				ENABLE_TESTABILITY = YES;
				GCC_C_LANGUAGE_STANDARD = gnu11;
				GCC_DYNAMIC_NO_PIC = NO;
				GCC_NO_COMMON_BLOCKS = YES;
				GCC_OPTIMIZATION_LEVEL = 0;
				GCC_PREPROCESSOR_DEFINITIONS = (
					"DEBUG=1",
					"$(inherited)",
				);
				GCC_WARN_64_TO_32_BIT_CONVERSION = YES;
				GCC_WARN_ABOUT_RETURN_TYPE = YES_ERROR;
				GCC_WARN_UNDECLARED_SELECTOR = YES;
				GCC_WARN_UNINITIALIZED_AUTOS = YES_AGGRESSIVE;
				GCC_WARN_UNUSED_FUNCTION = YES;
				GCC_WARN_UNUSED_VARIABLE = YES;
				MACOSX_DEPLOYMENT_TARGET = 10.13;
				MTL_ENABLE_DEBUG_INFO = YES;
				ONLY_ACTIVE_ARCH = YES;
				SDKROOT = macosx;
			};
			name = Debug;
		};
		52F769EC1FB970CA007632EA /* Release */ = {
			isa = XCBuildConfiguration;
			buildSettings = {
				ALWAYS_SEARCH_USER_PATHS = NO;
				CLANG_ANALYZER_NONNULL = YES;
				CLANG_ANALYZER_NUMBER_OBJECT_CONVERSION = YES_AGGRESSIVE;
				CLANG_CXX_LANGUAGE_STANDARD = "gnu++14";
				CLANG_CXX_LIBRARY = "libc++";
				CLANG_ENABLE_MODULES = YES;
				CLANG_ENABLE_OBJC_ARC = YES;
				CLANG_WARN_BLOCK_CAPTURE_AUTORELEASING = YES;
				CLANG_WARN_BOOL_CONVERSION = YES;
				CLANG_WARN_COMMA = YES;
				CLANG_WARN_CONSTANT_CONVERSION = YES;
				CLANG_WARN_DIRECT_OBJC_ISA_USAGE = YES_ERROR;
				CLANG_WARN_DOCUMENTATION_COMMENTS = YES;
				CLANG_WARN_EMPTY_BODY = YES;
				CLANG_WARN_ENUM_CONVERSION = YES;
				CLANG_WARN_INFINITE_RECURSION = YES;
				CLANG_WARN_INT_CONVERSION = YES;
				CLANG_WARN_NON_LITERAL_NULL_CONVERSION = YES;
				CLANG_WARN_OBJC_LITERAL_CONVERSION = YES;
				CLANG_WARN_OBJC_ROOT_CLASS = YES_ERROR;
				CLANG_WARN_RANGE_LOOP_ANALYSIS = YES;
				CLANG_WARN_STRICT_PROTOTYPES = YES;
				CLANG_WARN_SUSPICIOUS_MOVE = YES;
				CLANG_WARN_UNGUARDED_AVAILABILITY = YES_AGGRESSIVE;
				CLANG_WARN_UNREACHABLE_CODE = YES;
				CLANG_WARN__DUPLICATE_METHOD_MATCH = YES;
				CODE_SIGN_IDENTITY = "-";
				COPY_PHASE_STRIP = NO;
				DEBUG_INFORMATION_FORMAT = "dwarf-with-dsym";
				ENABLE_NS_ASSERTIONS = NO;
				ENABLE_STRICT_OBJC_MSGSEND = YES;
				GCC_C_LANGUAGE_STANDARD = gnu11;
				GCC_NO_COMMON_BLOCKS = YES;
				GCC_WARN_64_TO_32_BIT_CONVERSION = YES;
				GCC_WARN_ABOUT_RETURN_TYPE = YES_ERROR;
				GCC_WARN_UNDECLARED_SELECTOR = YES;
				GCC_WARN_UNINITIALIZED_AUTOS = YES_AGGRESSIVE;
				GCC_WARN_UNUSED_FUNCTION = YES;
				GCC_WARN_UNUSED_VARIABLE = YES;
				MACOSX_DEPLOYMENT_TARGET = 10.13;
				MTL_ENABLE_DEBUG_INFO = NO;
				SDKROOT = macosx;
			};
			name = Release;
		};
		52F769EE1FB970CA007632EA /* Debug */ = {
			isa = XCBuildConfiguration;
			buildSettings = {
				ASSETCATALOG_COMPILER_APPICON_NAME = AppIcon;
				CODE_SIGN_STYLE = Automatic;
				COMBINE_HIDPI_IMAGES = YES;
				DEVELOPMENT_TEAM = G33ZN9VDZG;
				FRAMEWORK_SEARCH_PATHS = "$(inherited)";
				INFOPLIST_FILE = OpenSimulator/Info.plist;
				LD_RUNPATH_SEARCH_PATHS = "$(inherited) @executable_path/../Frameworks";
				PRODUCT_BUNDLE_IDENTIFIER = com.Nelson.OpenSimulator;
				PRODUCT_NAME = "$(TARGET_NAME)";
			};
			name = Debug;
		};
		52F769EF1FB970CA007632EA /* Release */ = {
			isa = XCBuildConfiguration;
			buildSettings = {
				ASSETCATALOG_COMPILER_APPICON_NAME = AppIcon;
				CODE_SIGN_STYLE = Automatic;
				COMBINE_HIDPI_IMAGES = YES;
				DEVELOPMENT_TEAM = G33ZN9VDZG;
				FRAMEWORK_SEARCH_PATHS = "$(inherited)";
				INFOPLIST_FILE = OpenSimulator/Info.plist;
				LD_RUNPATH_SEARCH_PATHS = "$(inherited) @executable_path/../Frameworks";
				PRODUCT_BUNDLE_IDENTIFIER = com.Nelson.OpenSimulator;
				PRODUCT_NAME = "$(TARGET_NAME)";
			};
			name = Release;
		};
/* End XCBuildConfiguration section */

/* Begin XCConfigurationList section */
		52F769D71FB970CA007632EA /* Build configuration list for PBXProject "OpenSimulator" */ = {
			isa = XCConfigurationList;
			buildConfigurations = (
				52F769EB1FB970CA007632EA /* Debug */,
				52F769EC1FB970CA007632EA /* Release */,
			);
			defaultConfigurationIsVisible = 0;
			defaultConfigurationName = Release;
		};
		52F769ED1FB970CA007632EA /* Build configuration list for PBXNativeTarget "OpenSimulator" */ = {
			isa = XCConfigurationList;
			buildConfigurations = (
				52F769EE1FB970CA007632EA /* Debug */,
				52F769EF1FB970CA007632EA /* Release */,
			);
			defaultConfigurationIsVisible = 0;
			defaultConfigurationName = Release;
		};
/* End XCConfigurationList section */
	};
	rootObject = 52F769D41FB970CA007632EA /* Project object */;
}
